
Microsoft Visual Studio Solution File, Format Version 12.00
# Visual Studio 2012
Project("{FAE04EC0-301F-11D3-BF4B-00C04F79EFBC}") = "kagparser", "kagparser.csproj", "{3917D691-91BA-45B1-9EDC-A892E14D9BAD}"
EndProject
Global
	GlobalSection(SolutionConfigurationPlatforms) = preSolution
		Debug|Any CPU = Debug|Any CPU
		Release|Any CPU = Release|Any CPU
	EndGlobalSection
	GlobalSection(ProjectConfigurationPlatforms) = postSolution
		{3917D691-91BA-45B1-9EDC-A892E14D9BAD}.Debug|Any CPU.ActiveCfg = Debug|Any CPU
		{3917D691-91BA-45B1-9EDC-A892E14D9BAD}.Debug|Any CPU.Build.0 = Debug|Any CPU
		{3917D691-91BA-45B1-9EDC-A892E14D9BAD}.Release|Any CPU.ActiveCfg = Release|Any CPU
		{3917D691-91BA-45B1-9EDC-A892E14D9BAD}.Release|Any CPU.Build.0 = Release|Any CPU
	EndGlobalSection
	GlobalSection(SolutionProperties) = preSolution
		HideSolutionNode = FALSE
	EndGlobalSection
EndGlobal
